
Microsoft Visual Studio Solution File, Format Version 12.00
# Visual Studio Version 16
VisualStudioVersion = 16.0.31205.134
MinimumVisualStudioVersion = 10.0.40219.1
Project("{FAE04EC0-301F-11D3-BF4B-00C04F79EFBC}") = "MRMDataManager", "MRMDataManager\MRMDataManager.csproj", "{9D42871B-1B47-4B6B-B350-76B06404F2FB}"
EndProject
Project("{00D1A9C2-B5F0-4AF3-8072-F6C62B433612}") = "MRMData", "MRMData\MRMData.sqlproj", "{CD61BFB6-F029-40E0-BADF-4D61A159F3E1}"
EndProject
Project("{FAE04EC0-301F-11D3-BF4B-00C04F79EFBC}") = "MRMDesktopUI", "MRMDesktopUI\MRMDesktopUI.csproj", "{C3BDE6AB-DFE7-4188-A5CE-849C9753E0B9}"
EndProject
Project("{FAE04EC0-301F-11D3-BF4B-00C04F79EFBC}") = "MRMDataManager.Library", "MRMDataManager.Library\MRMDataManager.Library.csproj", "{E29AAFD0-B011-4F77-AAE3-9AA44A34D562}"
EndProject
Project("{FAE04EC0-301F-11D3-BF4B-00C04F79EFBC}") = "MRMDesktopUI.Library", "MRMDesktopUI.Library\MRMDesktopUI.Library.csproj", "{69C70547-8C07-4791-AAB1-1F5B0CBC989B}"
EndProject
Project("{2150E333-8FDC-42A3-9474-1A3956D46DE8}") = "Database", "Database", "{6DED2901-3568-47A6-82F0-B09FB60B4CC5}"
EndProject
Project("{2150E333-8FDC-42A3-9474-1A3956D46DE8}") = "API", "API", "{F367720C-FF32-45F8-9E6B-E4BE36C120EE}"
EndProject
Project("{2150E333-8FDC-42A3-9474-1A3956D46DE8}") = "WPF", "WPF", "{D240BF9A-E414-45D8-93B6-A790F4CB3A7C}"
EndProject
Global
	GlobalSection(SolutionConfigurationPlatforms) = preSolution
		Debug|Any CPU = Debug|Any CPU
		Release|Any CPU = Release|Any CPU
	EndGlobalSection
	GlobalSection(ProjectConfigurationPlatforms) = postSolution
		{9D42871B-1B47-4B6B-B350-76B06404F2FB}.Debug|Any CPU.ActiveCfg = Debug|Any CPU
		{9D42871B-1B47-4B6B-B350-76B06404F2FB}.Debug|Any CPU.Build.0 = Debug|Any CPU
		{9D42871B-1B47-4B6B-B350-76B06404F2FB}.Release|Any CPU.ActiveCfg = Release|Any CPU
		{9D42871B-1B47-4B6B-B350-76B06404F2FB}.Release|Any CPU.Build.0 = Release|Any CPU
		{CD61BFB6-F029-40E0-BADF-4D61A159F3E1}.Debug|Any CPU.ActiveCfg = Debug|Any CPU
		{CD61BFB6-F029-40E0-BADF-4D61A159F3E1}.Debug|Any CPU.Build.0 = Debug|Any CPU
		{CD61BFB6-F029-40E0-BADF-4D61A159F3E1}.Debug|Any CPU.Deploy.0 = Debug|Any CPU
		{CD61BFB6-F029-40E0-BADF-4D61A159F3E1}.Release|Any CPU.ActiveCfg = Release|Any CPU
		{CD61BFB6-F029-40E0-BADF-4D61A159F3E1}.Release|Any CPU.Build.0 = Release|Any CPU
		{CD61BFB6-F029-40E0-BADF-4D61A159F3E1}.Release|Any CPU.Deploy.0 = Release|Any CPU
		{C3BDE6AB-DFE7-4188-A5CE-849C9753E0B9}.Debug|Any CPU.ActiveCfg = Debug|Any CPU
		{C3BDE6AB-DFE7-4188-A5CE-849C9753E0B9}.Debug|Any CPU.Build.0 = Debug|Any CPU
		{C3BDE6AB-DFE7-4188-A5CE-849C9753E0B9}.Release|Any CPU.ActiveCfg = Release|Any CPU
		{C3BDE6AB-DFE7-4188-A5CE-849C9753E0B9}.Release|Any CPU.Build.0 = Release|Any CPU
		{E29AAFD0-B011-4F77-AAE3-9AA44A34D562}.Debug|Any CPU.ActiveCfg = Debug|Any CPU
		{E29AAFD0-B011-4F77-AAE3-9AA44A34D562}.Debug|Any CPU.Build.0 = Debug|Any CPU
		{E29AAFD0-B011-4F77-AAE3-9AA44A34D562}.Release|Any CPU.ActiveCfg = Release|Any CPU
		{E29AAFD0-B011-4F77-AAE3-9AA44A34D562}.Release|Any CPU.Build.0 = Release|Any CPU
		{69C70547-8C07-4791-AAB1-1F5B0CBC989B}.Debug|Any CPU.ActiveCfg = Debug|Any CPU
		{69C70547-8C07-4791-AAB1-1F5B0CBC989B}.Debug|Any CPU.Build.0 = Debug|Any CPU
		{69C70547-8C07-4791-AAB1-1F5B0CBC989B}.Release|Any CPU.ActiveCfg = Release|Any CPU
		{69C70547-8C07-4791-AAB1-1F5B0CBC989B}.Release|Any CPU.Build.0 = Release|Any CPU
	EndGlobalSection
	GlobalSection(SolutionProperties) = preSolution
		HideSolutionNode = FALSE
	EndGlobalSection
	GlobalSection(NestedProjects) = preSolution
		{9D42871B-1B47-4B6B-B350-76B06404F2FB} = {F367720C-FF32-45F8-9E6B-E4BE36C120EE}
		{CD61BFB6-F029-40E0-BADF-4D61A159F3E1} = {6DED2901-3568-47A6-82F0-B09FB60B4CC5}
		{C3BDE6AB-DFE7-4188-A5CE-849C9753E0B9} = {D240BF9A-E414-45D8-93B6-A790F4CB3A7C}
		{E29AAFD0-B011-4F77-AAE3-9AA44A34D562} = {F367720C-FF32-45F8-9E6B-E4BE36C120EE}
		{69C70547-8C07-4791-AAB1-1F5B0CBC989B} = {D240BF9A-E414-45D8-93B6-A790F4CB3A7C}
	EndGlobalSection
	GlobalSection(ExtensibilityGlobals) = postSolution
		SolutionGuid = {C1374DE0-EE51-447D-85FE-5262632A1931}
	EndGlobalSection
EndGlobal
